
Microsoft Visual Studio Solution File, Format Version 12.00
# Visual Studio 15
VisualStudioVersion = 15.0.27703.2047
MinimumVisualStudioVersion = 10.0.40219.1
Project("{FAE04EC0-301F-11D3-BF4B-00C04F79EFBC}") = "TimesheetMobile1.Android", "TimesheetMobile1\TimesheetMobile1.Android\TimesheetMobile1.Android.csproj", "{EB72131B-DE49-48AF-AA9C-EA5E429A922C}"
EndProject
Project("{FAE04EC0-301F-11D3-BF4B-00C04F79EFBC}") = "TimesheetMobile1.iOS", "TimesheetMobile1\TimesheetMobile1.iOS\TimesheetMobile1.iOS.csproj", "{4CD5B282-FB11-4072-BB8E-3587D55294E6}"
EndProject
Project("{FAE04EC0-301F-11D3-BF4B-00C04F79EFBC}") = "TimesheetMobile1.UWP", "TimesheetMobile1\TimesheetMobile1.UWP\TimesheetMobile1.UWP.csproj", "{5A9A7D58-3762-4CA7-A29F-D0EEF8B47E99}"
EndProject
Project("{D954291E-2A0B-460D-934E-DC6B0785DB48}") = "TimesheetMobile1", "TimesheetMobile1\TimesheetMobile1\TimesheetMobile1.shproj", "{D3E82928-7D25-4FDC-962F-A480C5869FBA}"
EndProject
Global
	GlobalSection(SharedMSBuildProjectFiles) = preSolution
		TimesheetMobile1\TimesheetMobile1\TimesheetMobile1.projitems*{4cd5b282-fb11-4072-bb8e-3587d55294e6}*SharedItemsImports = 4
		TimesheetMobile1\TimesheetMobile1\TimesheetMobile1.projitems*{5a9a7d58-3762-4ca7-a29f-d0eef8b47e99}*SharedItemsImports = 4
		TimesheetMobile1\TimesheetMobile1\TimesheetMobile1.projitems*{d3e82928-7d25-4fdc-962f-a480c5869fba}*SharedItemsImports = 13
		TimesheetMobile1\TimesheetMobile1\TimesheetMobile1.projitems*{eb72131b-de49-48af-aa9c-ea5e429a922c}*SharedItemsImports = 4
	EndGlobalSection
	GlobalSection(SolutionConfigurationPlatforms) = preSolution
		Ad-Hoc|Any CPU = Ad-Hoc|Any CPU
		Ad-Hoc|ARM = Ad-Hoc|ARM
		Ad-Hoc|iPhone = Ad-Hoc|iPhone
		Ad-Hoc|iPhoneSimulator = Ad-Hoc|iPhoneSimulator
		Ad-Hoc|x64 = Ad-Hoc|x64
		Ad-Hoc|x86 = Ad-Hoc|x86
		AppStore|Any CPU = AppStore|Any CPU
		AppStore|ARM = AppStore|ARM
		AppStore|iPhone = AppStore|iPhone
		AppStore|iPhoneSimulator = AppStore|iPhoneSimulator
		AppStore|x64 = AppStore|x64
		AppStore|x86 = AppStore|x86
		Debug|Any CPU = Debug|Any CPU
		Debug|ARM = Debug|ARM
		Debug|iPhone = Debug|iPhone
		Debug|iPhoneSimulator = Debug|iPhoneSimulator
		Debug|x64 = Debug|x64
		Debug|x86 = Debug|x86
		Release|Any CPU = Release|Any CPU
		Release|ARM = Release|ARM
		Release|iPhone = Release|iPhone
		Release|iPhoneSimulator = Release|iPhoneSimulator
		Release|x64 = Release|x64
		Release|x86 = Release|x86
	EndGlobalSection
	GlobalSection(ProjectConfigurationPlatforms) = postSolution
		{EB72131B-DE49-48AF-AA9C-EA5E429A922C}.Ad-Hoc|Any CPU.ActiveCfg = Release|Any CPU
		{EB72131B-DE49-48AF-AA9C-EA5E429A922C}.Ad-Hoc|Any CPU.Build.0 = Release|Any CPU
		{EB72131B-DE49-48AF-AA9C-EA5E429A922C}.Ad-Hoc|Any CPU.Deploy.0 = Release|Any CPU
		{EB72131B-DE49-48AF-AA9C-EA5E429A922C}.Ad-Hoc|ARM.ActiveCfg = Release|Any CPU
		{EB72131B-DE49-48AF-AA9C-EA5E429A922C}.Ad-Hoc|ARM.Build.0 = Release|Any CPU
		{EB72131B-DE49-48AF-AA9C-EA5E429A922C}.Ad-Hoc|ARM.Deploy.0 = Release|Any CPU
		{EB72131B-DE49-48AF-AA9C-EA5E429A922C}.Ad-Hoc|iPhone.ActiveCfg = Release|Any CPU
		{EB72131B-DE49-48AF-AA9C-EA5E429A922C}.Ad-Hoc|iPhone.Build.0 = Release|Any CPU
		{EB72131B-DE49-48AF-AA9C-EA5E429A922C}.Ad-Hoc|iPhone.Deploy.0 = Release|Any CPU
		{EB72131B-DE49-48AF-AA9C-EA5E429A922C}.Ad-Hoc|iPhoneSimulator.ActiveCfg = Release|Any CPU
		{EB72131B-DE49-48AF-AA9C-EA5E429A922C}.Ad-Hoc|iPhoneSimulator.Build.0 = Release|Any CPU
		{EB72131B-DE49-48AF-AA9C-EA5E429A922C}.Ad-Hoc|iPhoneSimulator.Deploy.0 = Release|Any CPU
		{EB72131B-DE49-48AF-AA9C-EA5E429A922C}.Ad-Hoc|x64.ActiveCfg = Release|Any CPU
		{EB72131B-DE49-48AF-AA9C-EA5E429A922C}.Ad-Hoc|x64.Build.0 = Release|Any CPU
		{EB72131B-DE49-48AF-AA9C-EA5E429A922C}.Ad-Hoc|x64.Deploy.0 = Release|Any CPU
		{EB72131B-DE49-48AF-AA9C-EA5E429A922C}.Ad-Hoc|x86.ActiveCfg = Release|Any CPU
		{EB72131B-DE49-48AF-AA9C-EA5E429A922C}.Ad-Hoc|x86.Build.0 = Release|Any CPU
		{EB72131B-DE49-48AF-AA9C-EA5E429A922C}.Ad-Hoc|x86.Deploy.0 = Release|Any CPU
		{EB72131B-DE49-48AF-AA9C-EA5E429A922C}.AppStore|Any CPU.ActiveCfg = Release|Any CPU
		{EB72131B-DE49-48AF-AA9C-EA5E429A922C}.AppStore|Any CPU.Build.0 = Release|Any CPU
		{EB72131B-DE49-48AF-AA9C-EA5E429A922C}.AppStore|Any CPU.Deploy.0 = Release|Any CPU
		{EB72131B-DE49-48AF-AA9C-EA5E429A922C}.AppStore|ARM.ActiveCfg = Release|Any CPU
		{EB72131B-DE49-48AF-AA9C-EA5E429A922C}.AppStore|ARM.Build.0 = Release|Any CPU
		{EB72131B-DE49-48AF-AA9C-EA5E429A922C}.AppStore|ARM.Deploy.0 = Release|Any CPU
		{EB72131B-DE49-48AF-AA9C-EA5E429A922C}.AppStore|iPhone.ActiveCfg = Release|Any CPU
		{EB72131B-DE49-48AF-AA9C-EA5E429A922C}.AppStore|iPhone.Build.0 = Release|Any CPU
		{EB72131B-DE49-48AF-AA9C-EA5E429A922C}.AppStore|iPhone.Deploy.0 = Release|Any CPU
		{EB72131B-DE49-48AF-AA9C-EA5E429A922C}.AppStore|iPhoneSimulator.ActiveCfg = Release|Any CPU
		{EB72131B-DE49-48AF-AA9C-EA5E429A922C}.AppStore|iPhoneSimulator.Build.0 = Release|Any CPU
		{EB72131B-DE49-48AF-AA9C-EA5E429A922C}.AppStore|iPhoneSimulator.Deploy.0 = Release|Any CPU
		{EB72131B-DE49-48AF-AA9C-EA5E429A922C}.AppStore|x64.ActiveCfg = Release|Any CPU
		{EB72131B-DE49-48AF-AA9C-EA5E429A922C}.AppStore|x64.Build.0 = Release|Any CPU
		{EB72131B-DE49-48AF-AA9C-EA5E429A922C}.AppStore|x64.Deploy.0 = Release|Any CPU
		{EB72131B-DE49-48AF-AA9C-EA5E429A922C}.AppStore|x86.ActiveCfg = Release|Any CPU
		{EB72131B-DE49-48AF-AA9C-EA5E429A922C}.AppStore|x86.Build.0 = Release|Any CPU
		{EB72131B-DE49-48AF-AA9C-EA5E429A922C}.AppStore|x86.Deploy.0 = Release|Any CPU
		{EB72131B-DE49-48AF-AA9C-EA5E429A922C}.Debug|Any CPU.ActiveCfg = Debug|Any CPU
		{EB72131B-DE49-48AF-AA9C-EA5E429A922C}.Debug|Any CPU.Build.0 = Debug|Any CPU
		{EB72131B-DE49-48AF-AA9C-EA5E429A922C}.Debug|Any CPU.Deploy.0 = Debug|Any CPU
		{EB72131B-DE49-48AF-AA9C-EA5E429A922C}.Debug|ARM.ActiveCfg = Debug|Any CPU
		{EB72131B-DE49-48AF-AA9C-EA5E429A922C}.Debug|ARM.Build.0 = Debug|Any CPU
		{EB72131B-DE49-48AF-AA9C-EA5E429A922C}.Debug|ARM.Deploy.0 = Debug|Any CPU
		{EB72131B-DE49-48AF-AA9C-EA5E429A922C}.Debug|iPhone.ActiveCfg = Debug|Any CPU
		{EB72131B-DE49-48AF-AA9C-EA5E429A922C}.Debug|iPhone.Build.0 = Debug|Any CPU
		{EB72131B-DE49-48AF-AA9C-EA5E429A922C}.Debug|iPhone.Deploy.0 = Debug|Any CPU
		{EB72131B-DE49-48AF-AA9C-EA5E429A922C}.Debug|iPhoneSimulator.ActiveCfg = Debug|Any CPU
		{EB72131B-DE49-48AF-AA9C-EA5E429A922C}.Debug|iPhoneSimulator.Build.0 = Debug|Any CPU
		{EB72131B-DE49-48AF-AA9C-EA5E429A922C}.Debug|iPhoneSimulator.Deploy.0 = Debug|Any CPU
		{EB72131B-DE49-48AF-AA9C-EA5E429A922C}.Debug|x64.ActiveCfg = Debug|Any CPU
		{EB72131B-DE49-48AF-AA9C-EA5E429A922C}.Debug|x64.Build.0 = Debug|Any CPU
		{EB72131B-DE49-48AF-AA9C-EA5E429A922C}.Debug|x64.Deploy.0 = Debug|Any CPU
		{EB72131B-DE49-48AF-AA9C-EA5E429A922C}.Debug|x86.ActiveCfg = Debug|Any CPU
		{EB72131B-DE49-48AF-AA9C-EA5E429A922C}.Debug|x86.Build.0 = Debug|Any CPU
		{EB72131B-DE49-48AF-AA9C-EA5E429A922C}.Debug|x86.Deploy.0 = Debug|Any CPU
		{EB72131B-DE49-48AF-AA9C-EA5E429A922C}.Release|Any CPU.ActiveCfg = Release|Any CPU
		{EB72131B-DE49-48AF-AA9C-EA5E429A922C}.Release|Any CPU.Build.0 = Release|Any CPU
		{EB72131B-DE49-48AF-AA9C-EA5E429A922C}.Release|Any CPU.Deploy.0 = Release|Any CPU
		{EB72131B-DE49-48AF-AA9C-EA5E429A922C}.Release|ARM.ActiveCfg = Release|Any CPU
		{EB72131B-DE49-48AF-AA9C-EA5E429A922C}.Release|ARM.Build.0 = Release|Any CPU
		{EB72131B-DE49-48AF-AA9C-EA5E429A922C}.Release|ARM.Deploy.0 = Release|Any CPU
		{EB72131B-DE49-48AF-AA9C-EA5E429A922C}.Release|iPhone.ActiveCfg = Release|Any CPU
		{EB72131B-DE49-48AF-AA9C-EA5E429A922C}.Release|iPhone.Build.0 = Release|Any CPU
		{EB72131B-DE49-48AF-AA9C-EA5E429A922C}.Release|iPhone.Deploy.0 = Release|Any CPU
		{EB72131B-DE49-48AF-AA9C-EA5E429A922C}.Release|iPhoneSimulator.ActiveCfg = Release|Any CPU
		{EB72131B-DE49-48AF-AA9C-EA5E429A922C}.Release|iPhoneSimulator.Build.0 = Release|Any CPU
		{EB72131B-DE49-48AF-AA9C-EA5E429A922C}.Release|iPhoneSimulator.Deploy.0 = Release|Any CPU
		{EB72131B-DE49-48AF-AA9C-EA5E429A922C}.Release|x64.ActiveCfg = Release|Any CPU
		{EB72131B-DE49-48AF-AA9C-EA5E429A922C}.Release|x64.Build.0 = Release|Any CPU
		{EB72131B-DE49-48AF-AA9C-EA5E429A922C}.Release|x64.Deploy.0 = Release|Any CPU
		{EB72131B-DE49-48AF-AA9C-EA5E429A922C}.Release|x86.ActiveCfg = Release|Any CPU
		{EB72131B-DE49-48AF-AA9C-EA5E429A922C}.Release|x86.Build.0 = Release|Any CPU
		{EB72131B-DE49-48AF-AA9C-EA5E429A922C}.Release|x86.Deploy.0 = Release|Any CPU
		{4CD5B282-FB11-4072-BB8E-3587D55294E6}.Ad-Hoc|Any CPU.ActiveCfg = Ad-Hoc|iPhone
		{4CD5B282-FB11-4072-BB8E-3587D55294E6}.Ad-Hoc|Any CPU.Build.0 = Ad-Hoc|iPhone
		{4CD5B282-FB11-4072-BB8E-3587D55294E6}.Ad-Hoc|Any CPU.Deploy.0 = Ad-Hoc|iPhone
		{4CD5B282-FB11-4072-BB8E-3587D55294E6}.Ad-Hoc|ARM.ActiveCfg = Ad-Hoc|iPhone
		{4CD5B282-FB11-4072-BB8E-3587D55294E6}.Ad-Hoc|ARM.Build.0 = Ad-Hoc|iPhone
		{4CD5B282-FB11-4072-BB8E-3587D55294E6}.Ad-Hoc|ARM.Deploy.0 = Ad-Hoc|iPhone
		{4CD5B282-FB11-4072-BB8E-3587D55294E6}.Ad-Hoc|iPhone.ActiveCfg = Ad-Hoc|iPhone
		{4CD5B282-FB11-4072-BB8E-3587D55294E6}.Ad-Hoc|iPhone.Build.0 = Ad-Hoc|iPhone
		{4CD5B282-FB11-4072-BB8E-3587D55294E6}.Ad-Hoc|iPhone.Deploy.0 = Ad-Hoc|iPhone
		{4CD5B282-FB11-4072-BB8E-3587D55294E6}.Ad-Hoc|iPhoneSimulator.ActiveCfg = Ad-Hoc|iPhoneSimulator
		{4CD5B282-FB11-4072-BB8E-3587D55294E6}.Ad-Hoc|iPhoneSimulator.Build.0 = Ad-Hoc|iPhoneSimulator
		{4CD5B282-FB11-4072-BB8E-3587D55294E6}.Ad-Hoc|iPhoneSimulator.Deploy.0 = Ad-Hoc|iPhoneSimulator
		{4CD5B282-FB11-4072-BB8E-3587D55294E6}.Ad-Hoc|x64.ActiveCfg = Ad-Hoc|iPhone
		{4CD5B282-FB11-4072-BB8E-3587D55294E6}.Ad-Hoc|x64.Build.0 = Ad-Hoc|iPhone
		{4CD5B282-FB11-4072-BB8E-3587D55294E6}.Ad-Hoc|x64.Deploy.0 = Ad-Hoc|iPhone
		{4CD5B282-FB11-4072-BB8E-3587D55294E6}.Ad-Hoc|x86.ActiveCfg = Ad-Hoc|iPhone
		{4CD5B282-FB11-4072-BB8E-3587D55294E6}.Ad-Hoc|x86.Build.0 = Ad-Hoc|iPhone
		{4CD5B282-FB11-4072-BB8E-3587D55294E6}.Ad-Hoc|x86.Deploy.0 = Ad-Hoc|iPhone
		{4CD5B282-FB11-4072-BB8E-3587D55294E6}.AppStore|Any CPU.ActiveCfg = AppStore|iPhone
		{4CD5B282-FB11-4072-BB8E-3587D55294E6}.AppStore|Any CPU.Build.0 = AppStore|iPhone
		{4CD5B282-FB11-4072-BB8E-3587D55294E6}.AppStore|Any CPU.Deploy.0 = AppStore|iPhone
		{4CD5B282-FB11-4072-BB8E-3587D55294E6}.AppStore|ARM.ActiveCfg = AppStore|iPhone
		{4CD5B282-FB11-4072-BB8E-3587D55294E6}.AppStore|ARM.Build.0 = AppStore|iPhone
		{4CD5B282-FB11-4072-BB8E-3587D55294E6}.AppStore|ARM.Deploy.0 = AppStore|iPhone
		{4CD5B282-FB11-4072-BB8E-3587D55294E6}.AppStore|iPhone.ActiveCfg = AppStore|iPhone
		{4CD5B282-FB11-4072-BB8E-3587D55294E6}.AppStore|iPhone.Build.0 = AppStore|iPhone
		{4CD5B282-FB11-4072-BB8E-3587D55294E6}.AppStore|iPhone.Deploy.0 = AppStore|iPhone
		{4CD5B282-FB11-4072-BB8E-3587D55294E6}.AppStore|iPhoneSimulator.ActiveCfg = AppStore|iPhoneSimulator
		{4CD5B282-FB11-4072-BB8E-3587D55294E6}.AppStore|iPhoneSimulator.Build.0 = AppStore|iPhoneSimulator
		{4CD5B282-FB11-4072-BB8E-3587D55294E6}.AppStore|iPhoneSimulator.Deploy.0 = AppStore|iPhoneSimulator
		{4CD5B282-FB11-4072-BB8E-3587D55294E6}.AppStore|x64.ActiveCfg = AppStore|iPhone
		{4CD5B282-FB11-4072-BB8E-3587D55294E6}.AppStore|x64.Build.0 = AppStore|iPhone
		{4CD5B282-FB11-4072-BB8E-3587D55294E6}.AppStore|x64.Deploy.0 = AppStore|iPhone
		{4CD5B282-FB11-4072-BB8E-3587D55294E6}.AppStore|x86.ActiveCfg = AppStore|iPhone
		{4CD5B282-FB11-4072-BB8E-3587D55294E6}.AppStore|x86.Build.0 = AppStore|iPhone
		{4CD5B282-FB11-4072-BB8E-3587D55294E6}.AppStore|x86.Deploy.0 = AppStore|iPhone
		{4CD5B282-FB11-4072-BB8E-3587D55294E6}.Debug|Any CPU.ActiveCfg = Debug|iPhoneSimulator
		{4CD5B282-FB11-4072-BB8E-3587D55294E6}.Debug|Any CPU.Build.0 = Debug|iPhoneSimulator
		{4CD5B282-FB11-4072-BB8E-3587D55294E6}.Debug|Any CPU.Deploy.0 = Debug|iPhoneSimulator
		{4CD5B282-FB11-4072-BB8E-3587D55294E6}.Debug|ARM.ActiveCfg = Debug|iPhone
		{4CD5B282-FB11-4072-BB8E-3587D55294E6}.Debug|ARM.Build.0 = Debug|iPhone
		{4CD5B282-FB11-4072-BB8E-3587D55294E6}.Debug|ARM.Deploy.0 = Debug|iPhone
		{4CD5B282-FB11-4072-BB8E-3587D55294E6}.Debug|iPhone.ActiveCfg = Debug|iPhone
		{4CD5B282-FB11-4072-BB8E-3587D55294E6}.Debug|iPhone.Build.0 = Debug|iPhone
		{4CD5B282-FB11-4072-BB8E-3587D55294E6}.Debug|iPhone.Deploy.0 = Debug|iPhone
		{4CD5B282-FB11-4072-BB8E-3587D55294E6}.Debug|iPhoneSimulator.ActiveCfg = Debug|iPhoneSimulator
		{4CD5B282-FB11-4072-BB8E-3587D55294E6}.Debug|iPhoneSimulator.Build.0 = Debug|iPhoneSimulator
		{4CD5B282-FB11-4072-BB8E-3587D55294E6}.Debug|iPhoneSimulator.Deploy.0 = Debug|iPhoneSimulator
		{4CD5B282-FB11-4072-BB8E-3587D55294E6}.Debug|x64.ActiveCfg = Debug|iPhone
		{4CD5B282-FB11-4072-BB8E-3587D55294E6}.Debug|x64.Build.0 = Debug|iPhone
		{4CD5B282-FB11-4072-BB8E-3587D55294E6}.Debug|x64.Deploy.0 = Debug|iPhone
		{4CD5B282-FB11-4072-BB8E-3587D55294E6}.Debug|x86.ActiveCfg = Debug|iPhone
		{4CD5B282-FB11-4072-BB8E-3587D55294E6}.Debug|x86.Build.0 = Debug|iPhone
		{4CD5B282-FB11-4072-BB8E-3587D55294E6}.Debug|x86.Deploy.0 = Debug|iPhone
		{4CD5B282-FB11-4072-BB8E-3587D55294E6}.Release|Any CPU.ActiveCfg = Release|iPhone
		{4CD5B282-FB11-4072-BB8E-3587D55294E6}.Release|Any CPU.Build.0 = Release|iPhone
		{4CD5B282-FB11-4072-BB8E-3587D55294E6}.Release|Any CPU.Deploy.0 = Release|iPhone
		{4CD5B282-FB11-4072-BB8E-3587D55294E6}.Release|ARM.ActiveCfg = Release|iPhone
		{4CD5B282-FB11-4072-BB8E-3587D55294E6}.Release|ARM.Build.0 = Release|iPhone
		{4CD5B282-FB11-4072-BB8E-3587D55294E6}.Release|ARM.Deploy.0 = Release|iPhone
		{4CD5B282-FB11-4072-BB8E-3587D55294E6}.Release|iPhone.ActiveCfg = Release|iPhone
		{4CD5B282-FB11-4072-BB8E-3587D55294E6}.Release|iPhone.Build.0 = Release|iPhone
		{4CD5B282-FB11-4072-BB8E-3587D55294E6}.Release|iPhone.Deploy.0 = Release|iPhone
		{4CD5B282-FB11-4072-BB8E-3587D55294E6}.Release|iPhoneSimulator.ActiveCfg = Release|iPhoneSimulator
		{4CD5B282-FB11-4072-BB8E-3587D55294E6}.Release|iPhoneSimulator.Build.0 = Release|iPhoneSimulator
		{4CD5B282-FB11-4072-BB8E-3587D55294E6}.Release|iPhoneSimulator.Deploy.0 = Release|iPhoneSimulator
		{4CD5B282-FB11-4072-BB8E-3587D55294E6}.Release|x64.ActiveCfg = Release|iPhone
		{4CD5B282-FB11-4072-BB8E-3587D55294E6}.Release|x64.Build.0 = Release|iPhone
		{4CD5B282-FB11-4072-BB8E-3587D55294E6}.Release|x64.Deploy.0 = Release|iPhone
		{4CD5B282-FB11-4072-BB8E-3587D55294E6}.Release|x86.ActiveCfg = Release|iPhone
		{4CD5B282-FB11-4072-BB8E-3587D55294E6}.Release|x86.Build.0 = Release|iPhone
		{4CD5B282-FB11-4072-BB8E-3587D55294E6}.Release|x86.Deploy.0 = Release|iPhone
		{5A9A7D58-3762-4CA7-A29F-D0EEF8B47E99}.Ad-Hoc|Any CPU.ActiveCfg = Release|x86
		{5A9A7D58-3762-4CA7-A29F-D0EEF8B47E99}.Ad-Hoc|Any CPU.Build.0 = Release|x86
		{5A9A7D58-3762-4CA7-A29F-D0EEF8B47E99}.Ad-Hoc|Any CPU.Deploy.0 = Release|x86
		{5A9A7D58-3762-4CA7-A29F-D0EEF8B47E99}.Ad-Hoc|ARM.ActiveCfg = Release|ARM
		{5A9A7D58-3762-4CA7-A29F-D0EEF8B47E99}.Ad-Hoc|ARM.Build.0 = Release|ARM
		{5A9A7D58-3762-4CA7-A29F-D0EEF8B47E99}.Ad-Hoc|ARM.Deploy.0 = Release|ARM
		{5A9A7D58-3762-4CA7-A29F-D0EEF8B47E99}.Ad-Hoc|iPhone.ActiveCfg = Release|x86
		{5A9A7D58-3762-4CA7-A29F-D0EEF8B47E99}.Ad-Hoc|iPhone.Build.0 = Release|x86
		{5A9A7D58-3762-4CA7-A29F-D0EEF8B47E99}.Ad-Hoc|iPhone.Deploy.0 = Release|x86
		{5A9A7D58-3762-4CA7-A29F-D0EEF8B47E99}.Ad-Hoc|iPhoneSimulator.ActiveCfg = Release|x86
		{5A9A7D58-3762-4CA7-A29F-D0EEF8B47E99}.Ad-Hoc|iPhoneSimulator.Build.0 = Release|x86
		{5A9A7D58-3762-4CA7-A29F-D0EEF8B47E99}.Ad-Hoc|iPhoneSimulator.Deploy.0 = Release|x86
		{5A9A7D58-3762-4CA7-A29F-D0EEF8B47E99}.Ad-Hoc|x64.ActiveCfg = Release|x64
		{5A9A7D58-3762-4CA7-A29F-D0EEF8B47E99}.Ad-Hoc|x64.Build.0 = Release|x64
		{5A9A7D58-3762-4CA7-A29F-D0EEF8B47E99}.Ad-Hoc|x64.Deploy.0 = Release|x64
		{5A9A7D58-3762-4CA7-A29F-D0EEF8B47E99}.Ad-Hoc|x86.ActiveCfg = Release|x86
		{5A9A7D58-3762-4CA7-A29F-D0EEF8B47E99}.Ad-Hoc|x86.Build.0 = Release|x86
		{5A9A7D58-3762-4CA7-A29F-D0EEF8B47E99}.Ad-Hoc|x86.Deploy.0 = Release|x86
		{5A9A7D58-3762-4CA7-A29F-D0EEF8B47E99}.AppStore|Any CPU.ActiveCfg = Release|x86
		{5A9A7D58-3762-4CA7-A29F-D0EEF8B47E99}.AppStore|Any CPU.Build.0 = Release|x86
		{5A9A7D58-3762-4CA7-A29F-D0EEF8B47E99}.AppStore|Any CPU.Deploy.0 = Release|x86
		{5A9A7D58-3762-4CA7-A29F-D0EEF8B47E99}.AppStore|ARM.ActiveCfg = Release|ARM
		{5A9A7D58-3762-4CA7-A29F-D0EEF8B47E99}.AppStore|ARM.Build.0 = Release|ARM
		{5A9A7D58-3762-4CA7-A29F-D0EEF8B47E99}.AppStore|ARM.Deploy.0 = Release|ARM
		{5A9A7D58-3762-4CA7-A29F-D0EEF8B47E99}.AppStore|iPhone.ActiveCfg = Release|x86
		{5A9A7D58-3762-4CA7-A29F-D0EEF8B47E99}.AppStore|iPhone.Build.0 = Release|x86
		{5A9A7D58-3762-4CA7-A29F-D0EEF8B47E99}.AppStore|iPhone.Deploy.0 = Release|x86
		{5A9A7D58-3762-4CA7-A29F-D0EEF8B47E99}.AppStore|iPhoneSimulator.ActiveCfg = Release|x86
		{5A9A7D58-3762-4CA7-A29F-D0EEF8B47E99}.AppStore|iPhoneSimulator.Build.0 = Release|x86
		{5A9A7D58-3762-4CA7-A29F-D0EEF8B47E99}.AppStore|iPhoneSimulator.Deploy.0 = Release|x86
		{5A9A7D58-3762-4CA7-A29F-D0EEF8B47E99}.AppStore|x64.ActiveCfg = Release|x64
		{5A9A7D58-3762-4CA7-A29F-D0EEF8B47E99}.AppStore|x64.Build.0 = Release|x64
		{5A9A7D58-3762-4CA7-A29F-D0EEF8B47E99}.AppStore|x64.Deploy.0 = Release|x64
		{5A9A7D58-3762-4CA7-A29F-D0EEF8B47E99}.AppStore|x86.ActiveCfg = Release|x86
		{5A9A7D58-3762-4CA7-A29F-D0EEF8B47E99}.AppStore|x86.Build.0 = Release|x86
		{5A9A7D58-3762-4CA7-A29F-D0EEF8B47E99}.AppStore|x86.Deploy.0 = Release|x86
		{5A9A7D58-3762-4CA7-A29F-D0EEF8B47E99}.Debug|Any CPU.ActiveCfg = Debug|x86
		{5A9A7D58-3762-4CA7-A29F-D0EEF8B47E99}.Debug|Any CPU.Build.0 = Debug|x86
		{5A9A7D58-3762-4CA7-A29F-D0EEF8B47E99}.Debug|Any CPU.Deploy.0 = Debug|x86
		{5A9A7D58-3762-4CA7-A29F-D0EEF8B47E99}.Debug|ARM.ActiveCfg = Debug|ARM
		{5A9A7D58-3762-4CA7-A29F-D0EEF8B47E99}.Debug|ARM.Build.0 = Debug|ARM
		{5A9A7D58-3762-4CA7-A29F-D0EEF8B47E99}.Debug|ARM.Deploy.0 = Debug|ARM
		{5A9A7D58-3762-4CA7-A29F-D0EEF8B47E99}.Debug|iPhone.ActiveCfg = Debug|x86
		{5A9A7D58-3762-4CA7-A29F-D0EEF8B47E99}.Debug|iPhone.Build.0 = Debug|x86
		{5A9A7D58-3762-4CA7-A29F-D0EEF8B47E99}.Debug|iPhone.Deploy.0 = Debug|x86
		{5A9A7D58-3762-4CA7-A29F-D0EEF8B47E99}.Debug|iPhoneSimulator.ActiveCfg = Debug|x86
		{5A9A7D58-3762-4CA7-A29F-D0EEF8B47E99}.Debug|iPhoneSimulator.Build.0 = Debug|x86
		{5A9A7D58-3762-4CA7-A29F-D0EEF8B47E99}.Debug|iPhoneSimulator.Deploy.0 = Debug|x86
		{5A9A7D58-3762-4CA7-A29F-D0EEF8B47E99}.Debug|x64.ActiveCfg = Debug|x64
		{5A9A7D58-3762-4CA7-A29F-D0EEF8B47E99}.Debug|x64.Build.0 = Debug|x64
		{5A9A7D58-3762-4CA7-A29F-D0EEF8B47E99}.Debug|x64.Deploy.0 = Debug|x64
		{5A9A7D58-3762-4CA7-A29F-D0EEF8B47E99}.Debug|x86.ActiveCfg = Debug|x86
		{5A9A7D58-3762-4CA7-A29F-D0EEF8B47E99}.Debug|x86.Build.0 = Debug|x86
		{5A9A7D58-3762-4CA7-A29F-D0EEF8B47E99}.Debug|x86.Deploy.0 = Debug|x86
		{5A9A7D58-3762-4CA7-A29F-D0EEF8B47E99}.Release|Any CPU.ActiveCfg = Release|x86
		{5A9A7D58-3762-4CA7-A29F-D0EEF8B47E99}.Release|Any CPU.Build.0 = Release|x86
		{5A9A7D58-3762-4CA7-A29F-D0EEF8B47E99}.Release|Any CPU.Deploy.0 = Release|x86
		{5A9A7D58-3762-4CA7-A29F-D0EEF8B47E99}.Release|ARM.ActiveCfg = Release|ARM
		{5A9A7D58-3762-4CA7-A29F-D0EEF8B47E99}.Release|ARM.Build.0 = Release|ARM
		{5A9A7D58-3762-4CA7-A29F-D0EEF8B47E99}.Release|ARM.Deploy.0 = Release|ARM
		{5A9A7D58-3762-4CA7-A29F-D0EEF8B47E99}.Release|iPhone.ActiveCfg = Release|x86
		{5A9A7D58-3762-4CA7-A29F-D0EEF8B47E99}.Release|iPhone.Build.0 = Release|x86
		{5A9A7D58-3762-4CA7-A29F-D0EEF8B47E99}.Release|iPhone.Deploy.0 = Release|x86
		{5A9A7D58-3762-4CA7-A29F-D0EEF8B47E99}.Release|iPhoneSimulator.ActiveCfg = Release|x86
		{5A9A7D58-3762-4CA7-A29F-D0EEF8B47E99}.Release|iPhoneSimulator.Build.0 = Release|x86
		{5A9A7D58-3762-4CA7-A29F-D0EEF8B47E99}.Release|iPhoneSimulator.Deploy.0 = Release|x86
		{5A9A7D58-3762-4CA7-A29F-D0EEF8B47E99}.Release|x64.ActiveCfg = Release|x64
		{5A9A7D58-3762-4CA7-A29F-D0EEF8B47E99}.Release|x64.Build.0 = Release|x64
		{5A9A7D58-3762-4CA7-A29F-D0EEF8B47E99}.Release|x64.Deploy.0 = Release|x64
		{5A9A7D58-3762-4CA7-A29F-D0EEF8B47E99}.Release|x86.ActiveCfg = Release|x86
		{5A9A7D58-3762-4CA7-A29F-D0EEF8B47E99}.Release|x86.Build.0 = Release|x86
		{5A9A7D58-3762-4CA7-A29F-D0EEF8B47E99}.Release|x86.Deploy.0 = Release|x86
	EndGlobalSection
	GlobalSection(SolutionProperties) = preSolution
		HideSolutionNode = FALSE
	EndGlobalSection
	GlobalSection(ExtensibilityGlobals) = postSolution
		SolutionGuid = {F83CE171-C4B0-4877-B4C1-A015B9F65FC4}
	EndGlobalSection
EndGlobal
